
Microsoft Visual Studio Solution File, Format Version 12.00
# Visual Studio Version 17
VisualStudioVersion = 17.13.35825.156 d17.13
MinimumVisualStudioVersion = 10.0.40219.1
Project("{FAE04EC0-301F-11D3-BF4B-00C04F79EFBC}") = "FileManagerAPI", "FileManagerAPI.csproj", "{5F8B0733-5AAE-4734-916C-11A6ED8B633E}"
EndProject
Global
	GlobalSection(SolutionConfigurationPlatforms) = preSolution
		Debug|Any CPU = Debug|Any CPU
		Release|Any CPU = Release|Any CPU
	EndGlobalSection
	GlobalSection(ProjectConfigurationPlatforms) = postSolution
		{5F8B0733-5AAE-4734-916C-11A6ED8B633E}.Debug|Any CPU.ActiveCfg = Debug|Any CPU
		{5F8B0733-5AAE-4734-916C-11A6ED8B633E}.Debug|Any CPU.Build.0 = Debug|Any CPU
		{5F8B0733-5AAE-4734-916C-11A6ED8B633E}.Release|Any CPU.ActiveCfg = Release|Any CPU
		{5F8B0733-5AAE-4734-916C-11A6ED8B633E}.Release|Any CPU.Build.0 = Release|Any CPU
	EndGlobalSection
	GlobalSection(SolutionProperties) = preSolution
		HideSolutionNode = FALSE
	EndGlobalSection
	GlobalSection(ExtensibilityGlobals) = postSolution
		SolutionGuid = {3CB451B5-2A95-4242-9A29-CCCA0AAA417E}
	EndGlobalSection
EndGlobal
